
Microsoft Visual Studio Solution File, Format Version 12.00
# Visual Studio 15
VisualStudioVersion = 15.0.28010.2016
MinimumVisualStudioVersion = 10.0.40219.1
Project("{8BC9CEB8-8B4A-11D0-8D11-00A0C91BC942}") = "ScreenShot", "ScreenShot\ScreenShot.vcxproj", "{43EE8EA1-8626-4600-8238-D9CB15A48C1D}"
EndProject
Global
	GlobalSection(SolutionConfigurationPlatforms) = preSolution
		Debug|x64 = Debug|x64
		Debug|x86 = Debug|x86
		Release|x64 = Release|x64
		Release|x86 = Release|x86
	EndGlobalSection
	GlobalSection(ProjectConfigurationPlatforms) = postSolution
		{43EE8EA1-8626-4600-8238-D9CB15A48C1D}.Debug|x64.ActiveCfg = Debug|x64
		{43EE8EA1-8626-4600-8238-D9CB15A48C1D}.Debug|x64.Build.0 = Debug|x64
		{43EE8EA1-8626-4600-8238-D9CB15A48C1D}.Debug|x86.ActiveCfg = Debug|Win32
		{43EE8EA1-8626-4600-8238-D9CB15A48C1D}.Debug|x86.Build.0 = Debug|Win32
		{43EE8EA1-8626-4600-8238-D9CB15A48C1D}.Release|x64.ActiveCfg = Release|x64
		{43EE8EA1-8626-4600-8238-D9CB15A48C1D}.Release|x64.Build.0 = Release|x64
		{43EE8EA1-8626-4600-8238-D9CB15A48C1D}.Release|x86.ActiveCfg = Release|Win32
		{43EE8EA1-8626-4600-8238-D9CB15A48C1D}.Release|x86.Build.0 = Release|Win32
	EndGlobalSection
	GlobalSection(SolutionProperties) = preSolution
		HideSolutionNode = FALSE
	EndGlobalSection
	GlobalSection(ExtensibilityGlobals) = postSolution
		SolutionGuid = {387F3D06-A79F-43AD-BCE0-F4B397675804}
	EndGlobalSection
EndGlobal
