
Microsoft Visual Studio Solution File, Format Version 12.00
# Visual Studio 15
VisualStudioVersion = 15.0.27703.2035
MinimumVisualStudioVersion = 10.0.40219.1
Project("{8BC9CEB8-8B4A-11D0-8D11-00A0C91BC942}") = "Separate Compilation", "Separate Compilation\Separate Compilation.vcxproj", "{BED0BAEC-0D9E-4D52-BAAA-99E49C2A35EC}"
EndProject
Global
	GlobalSection(SolutionConfigurationPlatforms) = preSolution
		Debug|x64 = Debug|x64
		Debug|x86 = Debug|x86
		Release|x64 = Release|x64
		Release|x86 = Release|x86
	EndGlobalSection
	GlobalSection(ProjectConfigurationPlatforms) = postSolution
		{BED0BAEC-0D9E-4D52-BAAA-99E49C2A35EC}.Debug|x64.ActiveCfg = Debug|x64
		{BED0BAEC-0D9E-4D52-BAAA-99E49C2A35EC}.Debug|x64.Build.0 = Debug|x64
		{BED0BAEC-0D9E-4D52-BAAA-99E49C2A35EC}.Debug|x86.ActiveCfg = Debug|Win32
		{BED0BAEC-0D9E-4D52-BAAA-99E49C2A35EC}.Debug|x86.Build.0 = Debug|Win32
		{BED0BAEC-0D9E-4D52-BAAA-99E49C2A35EC}.Release|x64.ActiveCfg = Release|x64
		{BED0BAEC-0D9E-4D52-BAAA-99E49C2A35EC}.Release|x64.Build.0 = Release|x64
		{BED0BAEC-0D9E-4D52-BAAA-99E49C2A35EC}.Release|x86.ActiveCfg = Release|Win32
		{BED0BAEC-0D9E-4D52-BAAA-99E49C2A35EC}.Release|x86.Build.0 = Release|Win32
	EndGlobalSection
	GlobalSection(SolutionProperties) = preSolution
		HideSolutionNode = FALSE
	EndGlobalSection
	GlobalSection(ExtensibilityGlobals) = postSolution
		SolutionGuid = {72D6A018-D651-4423-9DD6-E4D4D7E69AFA}
	EndGlobalSection
EndGlobal
